// !$*UTF8*$!
{
	archiveVersion = 1;
	classes = {
	};
	objectVersion = 51;
	objects = {

/* Begin PBXBuildFile section */
		7398C5B1C731138CA4A33AF4 /* Pods_test.framework in Frameworks */ = {isa = PBXBuildFile; fileRef = 21C1F57B9F8F93894441863F /* Pods_test.framework */; };
		F112D74722EAF47100D8AB0A /* AppDelegate.swift in Sources */ = {isa = PBXBuildFile; fileRef = F112D74622EAF47100D8AB0A /* AppDelegate.swift */; };
		F112D74922EAF47100D8AB0A /* MainViewController.swift in Sources */ = {isa = PBXBuildFile; fileRef = F112D74822EAF47100D8AB0A /* MainViewController.swift */; };
		F112D74C22EAF47100D8AB0A /* Main.storyboard in Resources */ = {isa = PBXBuildFile; fileRef = F112D74A22EAF47100D8AB0A /* Main.storyboard */; };
		F112D74F22EAF47100D8AB0A /* test.xcdatamodeld in Sources */ = {isa = PBXBuildFile; fileRef = F112D74D22EAF47100D8AB0A /* test.xcdatamodeld */; };
		F112D75122EAF47200D8AB0A /* Assets.xcassets in Resources */ = {isa = PBXBuildFile; fileRef = F112D75022EAF47200D8AB0A /* Assets.xcassets */; };
		F112D75422EAF47200D8AB0A /* LaunchScreen.storyboard in Resources */ = {isa = PBXBuildFile; fileRef = F112D75222EAF47200D8AB0A /* LaunchScreen.storyboard */; };
		F112D76222EAF52A00D8AB0A /* MainProtocol's.swift in Sources */ = {isa = PBXBuildFile; fileRef = F112D76122EAF52A00D8AB0A /* MainProtocol's.swift */; };
		F112D76522EAF5D100D8AB0A /* MainPresentor.swift in Sources */ = {isa = PBXBuildFile; fileRef = F112D76422EAF5D100D8AB0A /* MainPresentor.swift */; };
		F112D76822EAF5FB00D8AB0A /* MainInteractor.swift in Sources */ = {isa = PBXBuildFile; fileRef = F112D76722EAF5FB00D8AB0A /* MainInteractor.swift */; };
		F112D76B22EAF61800D8AB0A /* MainRouter.swift in Sources */ = {isa = PBXBuildFile; fileRef = F112D76A22EAF61800D8AB0A /* MainRouter.swift */; };
		F112D76E22EAFA0F00D8AB0A /* NewsModel.swift in Sources */ = {isa = PBXBuildFile; fileRef = F112D76D22EAFA0F00D8AB0A /* NewsModel.swift */; };
		F112D77022EAFBB600D8AB0A /* NewsData.swift in Sources */ = {isa = PBXBuildFile; fileRef = F112D76F22EAFBB600D8AB0A /* NewsData.swift */; };
		F112D77222EB11A900D8AB0A /* NewsTableViewCell.swift in Sources */ = {isa = PBXBuildFile; fileRef = F112D77122EB11A900D8AB0A /* NewsTableViewCell.swift */; };
		F112D77422EB177A00D8AB0A /* Constants.swift in Sources */ = {isa = PBXBuildFile; fileRef = F112D77322EB177A00D8AB0A /* Constants.swift */; };
		F112D77622EB211A00D8AB0A /* ImageParser.swift in Sources */ = {isa = PBXBuildFile; fileRef = F112D77522EB211A00D8AB0A /* ImageParser.swift */; };
		F1EE724F22EC4E8400D1DFC3 /* ErrorAlert.swift in Sources */ = {isa = PBXBuildFile; fileRef = F1EE724E22EC4E8400D1DFC3 /* ErrorAlert.swift */; };
		F1EE725522EC57C700D1DFC3 /* News.swift in Sources */ = {isa = PBXBuildFile; fileRef = F1EE725422EC57C700D1DFC3 /* News.swift */; };
/* End PBXBuildFile section */

/* Begin PBXFileReference section */
		0273B9CE64E10084121C363E /* Pods-test.release.xcconfig */ = {isa = PBXFileReference; includeInIndex = 1; lastKnownFileType = text.xcconfig; name = "Pods-test.release.xcconfig"; path = "Target Support Files/Pods-test/Pods-test.release.xcconfig"; sourceTree = "<group>"; };
		21C1F57B9F8F93894441863F /* Pods_test.framework */ = {isa = PBXFileReference; explicitFileType = wrapper.framework; includeInIndex = 0; path = Pods_test.framework; sourceTree = BUILT_PRODUCTS_DIR; };
		B79D4DBD9567EAA4BBDAB360 /* Pods-test.debug.xcconfig */ = {isa = PBXFileReference; includeInIndex = 1; lastKnownFileType = text.xcconfig; name = "Pods-test.debug.xcconfig"; path = "Target Support Files/Pods-test/Pods-test.debug.xcconfig"; sourceTree = "<group>"; };
		F112D74322EAF47100D8AB0A /* test.app */ = {isa = PBXFileReference; explicitFileType = wrapper.application; includeInIndex = 0; path = test.app; sourceTree = BUILT_PRODUCTS_DIR; };
		F112D74622EAF47100D8AB0A /* AppDelegate.swift */ = {isa = PBXFileReference; lastKnownFileType = sourcecode.swift; path = AppDelegate.swift; sourceTree = "<group>"; };
		F112D74822EAF47100D8AB0A /* MainViewController.swift */ = {isa = PBXFileReference; lastKnownFileType = sourcecode.swift; path = MainViewController.swift; sourceTree = "<group>"; };
		F112D74B22EAF47100D8AB0A /* Base */ = {isa = PBXFileReference; lastKnownFileType = file.storyboard; name = Base; path = Base.lproj/Main.storyboard; sourceTree = "<group>"; };
		F112D74E22EAF47100D8AB0A /* test.xcdatamodel */ = {isa = PBXFileReference; lastKnownFileType = wrapper.xcdatamodel; path = test.xcdatamodel; sourceTree = "<group>"; };
		F112D75022EAF47200D8AB0A /* Assets.xcassets */ = {isa = PBXFileReference; lastKnownFileType = folder.assetcatalog; path = Assets.xcassets; sourceTree = "<group>"; };
		F112D75322EAF47200D8AB0A /* Base */ = {isa = PBXFileReference; lastKnownFileType = file.storyboard; name = Base; path = Base.lproj/LaunchScreen.storyboard; sourceTree = "<group>"; };
		F112D75522EAF47200D8AB0A /* Info.plist */ = {isa = PBXFileReference; lastKnownFileType = text.plist.xml; path = Info.plist; sourceTree = "<group>"; };
		F112D76122EAF52A00D8AB0A /* MainProtocol's.swift */ = {isa = PBXFileReference; lastKnownFileType = sourcecode.swift; path = "MainProtocol's.swift"; sourceTree = "<group>"; };
		F112D76422EAF5D100D8AB0A /* MainPresentor.swift */ = {isa = PBXFileReference; lastKnownFileType = sourcecode.swift; path = MainPresentor.swift; sourceTree = "<group>"; };
		F112D76722EAF5FB00D8AB0A /* MainInteractor.swift */ = {isa = PBXFileReference; lastKnownFileType = sourcecode.swift; path = MainInteractor.swift; sourceTree = "<group>"; };
		F112D76A22EAF61800D8AB0A /* MainRouter.swift */ = {isa = PBXFileReference; lastKnownFileType = sourcecode.swift; path = MainRouter.swift; sourceTree = "<group>"; };
		F112D76D22EAFA0F00D8AB0A /* NewsModel.swift */ = {isa = PBXFileReference; lastKnownFileType = sourcecode.swift; path = NewsModel.swift; sourceTree = "<group>"; };
		F112D76F22EAFBB600D8AB0A /* NewsData.swift */ = {isa = PBXFileReference; lastKnownFileType = sourcecode.swift; path = NewsData.swift; sourceTree = "<group>"; };
		F112D77122EB11A900D8AB0A /* NewsTableViewCell.swift */ = {isa = PBXFileReference; lastKnownFileType = sourcecode.swift; path = NewsTableViewCell.swift; sourceTree = "<group>"; };
		F112D77322EB177A00D8AB0A /* Constants.swift */ = {isa = PBXFileReference; fileEncoding = 4; lastKnownFileType = sourcecode.swift; path = Constants.swift; sourceTree = "<group>"; };
		F112D77522EB211A00D8AB0A /* ImageParser.swift */ = {isa = PBXFileReference; lastKnownFileType = sourcecode.swift; path = ImageParser.swift; sourceTree = "<group>"; };
		F1EE724E22EC4E8400D1DFC3 /* ErrorAlert.swift */ = {isa = PBXFileReference; lastKnownFileType = sourcecode.swift; path = ErrorAlert.swift; sourceTree = "<group>"; };
		F1EE725422EC57C700D1DFC3 /* News.swift */ = {isa = PBXFileReference; lastKnownFileType = sourcecode.swift; path = News.swift; sourceTree = "<group>"; };
/* End PBXFileReference section */

/* Begin PBXFrameworksBuildPhase section */
		F112D74022EAF47100D8AB0A /* Frameworks */ = {
			isa = PBXFrameworksBuildPhase;
			buildActionMask = 2147483647;
			files = (
				7398C5B1C731138CA4A33AF4 /* Pods_test.framework in Frameworks */,
			);
			runOnlyForDeploymentPostprocessing = 0;
		};
/* End PBXFrameworksBuildPhase section */

/* Begin PBXGroup section */
		0FE3A72D627FB0B1019E74B9 /* Pods */ = {
			isa = PBXGroup;
			children = (
				B79D4DBD9567EAA4BBDAB360 /* Pods-test.debug.xcconfig */,
				0273B9CE64E10084121C363E /* Pods-test.release.xcconfig */,
			);
			path = Pods;
			sourceTree = "<group>";
		};
		44BB94FD696D79E627B4C3A3 /* Frameworks */ = {
			isa = PBXGroup;
			children = (
				21C1F57B9F8F93894441863F /* Pods_test.framework */,
			);
			name = Frameworks;
			sourceTree = "<group>";
		};
		F112D73A22EAF47100D8AB0A = {
			isa = PBXGroup;
			children = (
				F1EE725122EC553F00D1DFC3 /* Core Data */,
				F112D74522EAF47100D8AB0A /* test */,
				F112D74422EAF47100D8AB0A /* Products */,
				0FE3A72D627FB0B1019E74B9 /* Pods */,
				44BB94FD696D79E627B4C3A3 /* Frameworks */,
			);
			sourceTree = "<group>";
		};
		F112D74422EAF47100D8AB0A /* Products */ = {
			isa = PBXGroup;
			children = (
				F112D74322EAF47100D8AB0A /* test.app */,
			);
			name = Products;
			sourceTree = "<group>";
		};
		F112D74522EAF47100D8AB0A /* test */ = {
			isa = PBXGroup;
			children = (
				F112D74622EAF47100D8AB0A /* AppDelegate.swift */,
				F112D77322EB177A00D8AB0A /* Constants.swift */,
				F1EE724E22EC4E8400D1DFC3 /* ErrorAlert.swift */,
				F112D77522EB211A00D8AB0A /* ImageParser.swift */,
				F112D76C22EAF71A00D8AB0A /* Entities */,
				F112D75C22EAF4B200D8AB0A /* MainModule */,
				F112D75D22EAF4CB00D8AB0A /* DetailModule */,
				F112D75022EAF47200D8AB0A /* Assets.xcassets */,
				F112D74A22EAF47100D8AB0A /* Main.storyboard */,
				F112D75222EAF47200D8AB0A /* LaunchScreen.storyboard */,
				F112D75522EAF47200D8AB0A /* Info.plist */,
			);
			path = test;
			sourceTree = "<group>";
		};
		F112D75B22EAF4A300D8AB0A /* View */ = {
			isa = PBXGroup;
			children = (
				F112D74822EAF47100D8AB0A /* MainViewController.swift */,
				F112D77122EB11A900D8AB0A /* NewsTableViewCell.swift */,
			);
			path = View;
			sourceTree = "<group>";
		};
		F112D75C22EAF4B200D8AB0A /* MainModule */ = {
			isa = PBXGroup;
			children = (
				F112D76022EAF50500D8AB0A /* Protocol */,
				F112D76922EAF60700D8AB0A /* Router */,
				F112D76622EAF5DF00D8AB0A /* Interactor */,
				F112D76322EAF53B00D8AB0A /* Presentor */,
				F112D75B22EAF4A300D8AB0A /* View */,
			);
			path = MainModule;
			sourceTree = "<group>";
		};
		F112D75D22EAF4CB00D8AB0A /* DetailModule */ = {
			isa = PBXGroup;
			children = (
			);
			path = DetailModule;
			sourceTree = "<group>";
		};
		F112D76022EAF50500D8AB0A /* Protocol */ = {
			isa = PBXGroup;
			children = (
				F112D76122EAF52A00D8AB0A /* MainProtocol's.swift */,
			);
			path = Protocol;
			sourceTree = "<group>";
		};
		F112D76322EAF53B00D8AB0A /* Presentor */ = {
			isa = PBXGroup;
			children = (
				F112D76422EAF5D100D8AB0A /* MainPresentor.swift */,
			);
			path = Presentor;
			sourceTree = "<group>";
		};
		F112D76622EAF5DF00D8AB0A /* Interactor */ = {
			isa = PBXGroup;
			children = (
				F112D76722EAF5FB00D8AB0A /* MainInteractor.swift */,
			);
			path = Interactor;
			sourceTree = "<group>";
		};
		F112D76922EAF60700D8AB0A /* Router */ = {
			isa = PBXGroup;
			children = (
				F112D76A22EAF61800D8AB0A /* MainRouter.swift */,
			);
			path = Router;
			sourceTree = "<group>";
		};
		F112D76C22EAF71A00D8AB0A /* Entities */ = {
			isa = PBXGroup;
			children = (
				F112D76D22EAFA0F00D8AB0A /* NewsModel.swift */,
				F112D76F22EAFBB600D8AB0A /* NewsData.swift */,
			);
			path = Entities;
			sourceTree = "<group>";
		};
		F1EE725122EC553F00D1DFC3 /* Core Data */ = {
			isa = PBXGroup;
			children = (
				F112D74D22EAF47100D8AB0A /* test.xcdatamodeld */,
				F1EE725422EC57C700D1DFC3 /* News.swift */,
			);
			path = "Core Data";
			sourceTree = "<group>";
		};
/* End PBXGroup section */

/* Begin PBXNativeTarget section */
		F112D74222EAF47100D8AB0A /* test */ = {
			isa = PBXNativeTarget;
			buildConfigurationList = F112D75822EAF47200D8AB0A /* Build configuration list for PBXNativeTarget "test" */;
			buildPhases = (
				A8755331CF111DBEA27CE612 /* [CP] Check Pods Manifest.lock */,
				F112D73F22EAF47100D8AB0A /* Sources */,
				F112D74022EAF47100D8AB0A /* Frameworks */,
				F112D74122EAF47100D8AB0A /* Resources */,
				D23A75AE8E16DC67F708A4E4 /* [CP] Embed Pods Frameworks */,
			);
			buildRules = (
			);
			dependencies = (
			);
			name = test;
			productName = test;
			productReference = F112D74322EAF47100D8AB0A /* test.app */;
			productType = "com.apple.product-type.application";
		};
/* End PBXNativeTarget section */

/* Begin PBXProject section */
		F112D73B22EAF47100D8AB0A /* Project object */ = {
			isa = PBXProject;
			attributes = {
				LastSwiftUpdateCheck = 1020;
				LastUpgradeCheck = 1020;
				ORGANIZATIONNAME = "Anton Yermakov";
				TargetAttributes = {
					F112D74222EAF47100D8AB0A = {
						CreatedOnToolsVersion = 10.2.1;
					};
				};
			};
			buildConfigurationList = F112D73E22EAF47100D8AB0A /* Build configuration list for PBXProject "test" */;
			compatibilityVersion = "Xcode 9.3";
			developmentRegion = en;
			hasScannedForEncodings = 0;
			knownRegions = (
				en,
				Base,
			);
			mainGroup = F112D73A22EAF47100D8AB0A;
			productRefGroup = F112D74422EAF47100D8AB0A /* Products */;
			projectDirPath = "";
			projectRoot = "";
			targets = (
				F112D74222EAF47100D8AB0A /* test */,
			);
		};
/* End PBXProject section */

/* Begin PBXResourcesBuildPhase section */
		F112D74122EAF47100D8AB0A /* Resources */ = {
			isa = PBXResourcesBuildPhase;
			buildActionMask = 2147483647;
			files = (
				F112D75422EAF47200D8AB0A /* LaunchScreen.storyboard in Resources */,
				F112D75122EAF47200D8AB0A /* Assets.xcassets in Resources */,
				F112D74C22EAF47100D8AB0A /* Main.storyboard in Resources */,
			);
			runOnlyForDeploymentPostprocessing = 0;
		};
/* End PBXResourcesBuildPhase section */

/* Begin PBXShellScriptBuildPhase section */
		A8755331CF111DBEA27CE612 /* [CP] Check Pods Manifest.lock */ = {
			isa = PBXShellScriptBuildPhase;
			buildActionMask = 2147483647;
			files = (
			);
			inputFileListPaths = (
			);
			inputPaths = (
				"${PODS_PODFILE_DIR_PATH}/Podfile.lock",
				"${PODS_ROOT}/Manifest.lock",
			);
			name = "[CP] Check Pods Manifest.lock";
			outputFileListPaths = (
			);
			outputPaths = (
				"$(DERIVED_FILE_DIR)/Pods-test-checkManifestLockResult.txt",
			);
			runOnlyForDeploymentPostprocessing = 0;
			shellPath = /bin/sh;
			shellScript = "diff \"${PODS_PODFILE_DIR_PATH}/Podfile.lock\" \"${PODS_ROOT}/Manifest.lock\" > /dev/null\nif [ $? != 0 ] ; then\n    # print error to STDERR\n    echo \"error: The sandbox is not in sync with the Podfile.lock. Run 'pod install' or update your CocoaPods installation.\" >&2\n    exit 1\nfi\n# This output is used by Xcode 'outputs' to avoid re-running this script phase.\necho \"SUCCESS\" > \"${SCRIPT_OUTPUT_FILE_0}\"\n";
			showEnvVarsInLog = 0;
		};
		D23A75AE8E16DC67F708A4E4 /* [CP] Embed Pods Frameworks */ = {
			isa = PBXShellScriptBuildPhase;
			buildActionMask = 2147483647;
			files = (
			);
			inputFileListPaths = (
				"${PODS_ROOT}/Target Support Files/Pods-test/Pods-test-frameworks-${CONFIGURATION}-input-files.xcfilelist",
			);
			name = "[CP] Embed Pods Frameworks";
			outputFileListPaths = (
				"${PODS_ROOT}/Target Support Files/Pods-test/Pods-test-frameworks-${CONFIGURATION}-output-files.xcfilelist",
			);
			runOnlyForDeploymentPostprocessing = 0;
			shellPath = /bin/sh;
			shellScript = "\"${PODS_ROOT}/Target Support Files/Pods-test/Pods-test-frameworks.sh\"\n";
			showEnvVarsInLog = 0;
		};
/* End PBXShellScriptBuildPhase section */

/* Begin PBXSourcesBuildPhase section */
		F112D73F22EAF47100D8AB0A /* Sources */ = {
			isa = PBXSourcesBuildPhase;
			buildActionMask = 2147483647;
			files = (
				F112D76222EAF52A00D8AB0A /* MainProtocol's.swift in Sources */,
				F112D77422EB177A00D8AB0A /* Constants.swift in Sources */,
				F112D76B22EAF61800D8AB0A /* MainRouter.swift in Sources */,
				F1EE725522EC57C700D1DFC3 /* News.swift in Sources */,
				F1EE724F22EC4E8400D1DFC3 /* ErrorAlert.swift in Sources */,
				F112D77222EB11A900D8AB0A /* NewsTableViewCell.swift in Sources */,
				F112D76E22EAFA0F00D8AB0A /* NewsModel.swift in Sources */,
				F112D74922EAF47100D8AB0A /* MainViewController.swift in Sources */,
				F112D77022EAFBB600D8AB0A /* NewsData.swift in Sources */,
				F112D74722EAF47100D8AB0A /* AppDelegate.swift in Sources */,
				F112D77622EB211A00D8AB0A /* ImageParser.swift in Sources */,
				F112D74F22EAF47100D8AB0A /* test.xcdatamodeld in Sources */,
				F112D76522EAF5D100D8AB0A /* MainPresentor.swift in Sources */,
				F112D76822EAF5FB00D8AB0A /* MainInteractor.swift in Sources */,
			);
			runOnlyForDeploymentPostprocessing = 0;
		};
/* End PBXSourcesBuildPhase section */

/* Begin PBXVariantGroup section */
		F112D74A22EAF47100D8AB0A /* Main.storyboard */ = {
			isa = PBXVariantGroup;
			children = (
				F112D74B22EAF47100D8AB0A /* Base */,
			);
			name = Main.storyboard;
			sourceTree = "<group>";
		};
		F112D75222EAF47200D8AB0A /* LaunchScreen.storyboard */ = {
			isa = PBXVariantGroup;
			children = (
				F112D75322EAF47200D8AB0A /* Base */,
			);
			name = LaunchScreen.storyboard;
			sourceTree = "<group>";
		};
/* End PBXVariantGroup section */

/* Begin XCBuildConfiguration section */
		F112D75622EAF47200D8AB0A /* Debug */ = {
			isa = XCBuildConfiguration;
			buildSettings = {
				ALWAYS_SEARCH_USER_PATHS = NO;
				CLANG_ANALYZER_NONNULL = YES;
				CLANG_ANALYZER_NUMBER_OBJECT_CONVERSION = YES_AGGRESSIVE;
				CLANG_CXX_LANGUAGE_STANDARD = "gnu++14";
				CLANG_CXX_LIBRARY = "libc++";
				CLANG_ENABLE_MODULES = YES;
				CLANG_ENABLE_OBJC_ARC = YES;
				CLANG_ENABLE_OBJC_WEAK = YES;
				CLANG_WARN_BLOCK_CAPTURE_AUTORELEASING = YES;
				CLANG_WARN_BOOL_CONVERSION = YES;
				CLANG_WARN_COMMA = YES;
				CLANG_WARN_CONSTANT_CONVERSION = YES;
				CLANG_WARN_DEPRECATED_OBJC_IMPLEMENTATIONS = YES;
				CLANG_WARN_DIRECT_OBJC_ISA_USAGE = YES_ERROR;
				CLANG_WARN_DOCUMENTATION_COMMENTS = YES;
				CLANG_WARN_EMPTY_BODY = YES;
				CLANG_WARN_ENUM_CONVERSION = YES;
				CLANG_WARN_INFINITE_RECURSION = YES;
				CLANG_WARN_INT_CONVERSION = YES;
				CLANG_WARN_NON_LITERAL_NULL_CONVERSION = YES;
				CLANG_WARN_OBJC_IMPLICIT_RETAIN_SELF = YES;
				CLANG_WARN_OBJC_LITERAL_CONVERSION = YES;
				CLANG_WARN_OBJC_ROOT_CLASS = YES_ERROR;
				CLANG_WARN_RANGE_LOOP_ANALYSIS = YES;
				CLANG_WARN_STRICT_PROTOTYPES = YES;
				CLANG_WARN_SUSPICIOUS_MOVE = YES;
				CLANG_WARN_UNGUARDED_AVAILABILITY = YES_AGGRESSIVE;
				CLANG_WARN_UNREACHABLE_CODE = YES;
				CLANG_WARN__DUPLICATE_METHOD_MATCH = YES;
				CODE_SIGN_IDENTITY = "iPhone Developer";
				COPY_PHASE_STRIP = NO;
				DEBUG_INFORMATION_FORMAT = dwarf;
				ENABLE_STRICT_OBJC_MSGSEND = YES;
				ENABLE_TESTABILITY = YES;
				GCC_C_LANGUAGE_STANDARD = gnu11;
				GCC_DYNAMIC_NO_PIC = NO;
				GCC_NO_COMMON_BLOCKS = YES;
				GCC_OPTIMIZATION_LEVEL = 0;
				GCC_PREPROCESSOR_DEFINITIONS = (
					"DEBUG=1",
					"$(inherited)",
				);
				GCC_WARN_64_TO_32_BIT_CONVERSION = YES;
				GCC_WARN_ABOUT_RETURN_TYPE = YES_ERROR;
				GCC_WARN_UNDECLARED_SELECTOR = YES;
				GCC_WARN_UNINITIALIZED_AUTOS = YES_AGGRESSIVE;
				GCC_WARN_UNUSED_FUNCTION = YES;
				GCC_WARN_UNUSED_VARIABLE = YES;
				IPHONEOS_DEPLOYMENT_TARGET = 12.2;
				MTL_ENABLE_DEBUG_INFO = INCLUDE_SOURCE;
				MTL_FAST_MATH = YES;
				ONLY_ACTIVE_ARCH = YES;
				SDKROOT = iphoneos;
				SWIFT_ACTIVE_COMPILATION_CONDITIONS = DEBUG;
				SWIFT_OPTIMIZATION_LEVEL = "-Onone";
			};
			name = Debug;
		};
		F112D75722EAF47200D8AB0A /* Release */ = {
			isa = XCBuildConfiguration;
			buildSettings = {
				ALWAYS_SEARCH_USER_PATHS = NO;
				CLANG_ANALYZER_NONNULL = YES;
				CLANG_ANALYZER_NUMBER_OBJECT_CONVERSION = YES_AGGRESSIVE;
				CLANG_CXX_LANGUAGE_STANDARD = "gnu++14";
				CLANG_CXX_LIBRARY = "libc++";
				CLANG_ENABLE_MODULES = YES;
				CLANG_ENABLE_OBJC_ARC = YES;
				CLANG_ENABLE_OBJC_WEAK = YES;
				CLANG_WARN_BLOCK_CAPTURE_AUTORELEASING = YES;
				CLANG_WARN_BOOL_CONVERSION = YES;
				CLANG_WARN_COMMA = YES;
				CLANG_WARN_CONSTANT_CONVERSION = YES;
				CLANG_WARN_DEPRECATED_OBJC_IMPLEMENTATIONS = YES;
				CLANG_WARN_DIRECT_OBJC_ISA_USAGE = YES_ERROR;
				CLANG_WARN_DOCUMENTATION_COMMENTS = YES;
				CLANG_WARN_EMPTY_BODY = YES;
				CLANG_WARN_ENUM_CONVERSION = YES;
				CLANG_WARN_INFINITE_RECURSION = YES;
				CLANG_WARN_INT_CONVERSION = YES;
				CLANG_WARN_NON_LITERAL_NULL_CONVERSION = YES;
				CLANG_WARN_OBJC_IMPLICIT_RETAIN_SELF = YES;
				CLANG_WARN_OBJC_LITERAL_CONVERSION = YES;
				CLANG_WARN_OBJC_ROOT_CLASS = YES_ERROR;
				CLANG_WARN_RANGE_LOOP_ANALYSIS = YES;
				CLANG_WARN_STRICT_PROTOTYPES = YES;
				CLANG_WARN_SUSPICIOUS_MOVE = YES;
				CLANG_WARN_UNGUARDED_AVAILABILITY = YES_AGGRESSIVE;
				CLANG_WARN_UNREACHABLE_CODE = YES;
				CLANG_WARN__DUPLICATE_METHOD_MATCH = YES;
				CODE_SIGN_IDENTITY = "iPhone Developer";
				COPY_PHASE_STRIP = NO;
				DEBUG_INFORMATION_FORMAT = "dwarf-with-dsym";
				ENABLE_NS_ASSERTIONS = NO;
				ENABLE_STRICT_OBJC_MSGSEND = YES;
				GCC_C_LANGUAGE_STANDARD = gnu11;
				GCC_NO_COMMON_BLOCKS = YES;
				GCC_WARN_64_TO_32_BIT_CONVERSION = YES;
				GCC_WARN_ABOUT_RETURN_TYPE = YES_ERROR;
				GCC_WARN_UNDECLARED_SELECTOR = YES;
				GCC_WARN_UNINITIALIZED_AUTOS = YES_AGGRESSIVE;
				GCC_WARN_UNUSED_FUNCTION = YES;
				GCC_WARN_UNUSED_VARIABLE = YES;
				IPHONEOS_DEPLOYMENT_TARGET = 12.2;
				MTL_ENABLE_DEBUG_INFO = NO;
				MTL_FAST_MATH = YES;
				SDKROOT = iphoneos;
				SWIFT_COMPILATION_MODE = wholemodule;
				SWIFT_OPTIMIZATION_LEVEL = "-O";
				VALIDATE_PRODUCT = YES;
			};
			name = Release;
		};
		F112D75922EAF47200D8AB0A /* Debug */ = {
			isa = XCBuildConfiguration;
			baseConfigurationReference = B79D4DBD9567EAA4BBDAB360 /* Pods-test.debug.xcconfig */;
			buildSettings = {
				ASSETCATALOG_COMPILER_APPICON_NAME = AppIcon;
				CODE_SIGN_STYLE = Automatic;
				INFOPLIST_FILE = test/Info.plist;
				LD_RUNPATH_SEARCH_PATHS = (
					"$(inherited)",
					"@executable_path/Frameworks",
				);
				PRODUCT_BUNDLE_IDENTIFIER = money.test;
				PRODUCT_NAME = "$(TARGET_NAME)";
				SWIFT_VERSION = 5.0;
				TARGETED_DEVICE_FAMILY = "1,2";
			};
			name = Debug;
		};
		F112D75A22EAF47200D8AB0A /* Release */ = {
			isa = XCBuildConfiguration;
			baseConfigurationReference = 0273B9CE64E10084121C363E /* Pods-test.release.xcconfig */;
			buildSettings = {
				ASSETCATALOG_COMPILER_APPICON_NAME = AppIcon;
				CODE_SIGN_STYLE = Automatic;
				INFOPLIST_FILE = test/Info.plist;
				LD_RUNPATH_SEARCH_PATHS = (
					"$(inherited)",
					"@executable_path/Frameworks",
				);
				PRODUCT_BUNDLE_IDENTIFIER = money.test;
				PRODUCT_NAME = "$(TARGET_NAME)";
				SWIFT_VERSION = 5.0;
				TARGETED_DEVICE_FAMILY = "1,2";
			};
			name = Release;
		};
/* End XCBuildConfiguration section */

/* Begin XCConfigurationList section */
		F112D73E22EAF47100D8AB0A /* Build configuration list for PBXProject "test" */ = {
			isa = XCConfigurationList;
			buildConfigurations = (
				F112D75622EAF47200D8AB0A /* Debug */,
				F112D75722EAF47200D8AB0A /* Release */,
			);
			defaultConfigurationIsVisible = 0;
			defaultConfigurationName = Release;
		};
		F112D75822EAF47200D8AB0A /* Build configuration list for PBXNativeTarget "test" */ = {
			isa = XCConfigurationList;
			buildConfigurations = (
				F112D75922EAF47200D8AB0A /* Debug */,
				F112D75A22EAF47200D8AB0A /* Release */,
			);
			defaultConfigurationIsVisible = 0;
			defaultConfigurationName = Release;
		};
/* End XCConfigurationList section */

/* Begin XCVersionGroup section */
		F112D74D22EAF47100D8AB0A /* test.xcdatamodeld */ = {
			isa = XCVersionGroup;
			children = (
				F112D74E22EAF47100D8AB0A /* test.xcdatamodel */,
			);
			currentVersion = F112D74E22EAF47100D8AB0A /* test.xcdatamodel */;
			path = test.xcdatamodeld;
			sourceTree = "<group>";
			versionGroupType = wrapper.xcdatamodel;
		};
/* End XCVersionGroup section */
	};
	rootObject = F112D73B22EAF47100D8AB0A /* Project object */;
}
